
Microsoft Visual Studio Solution File, Format Version 12.00
# Visual Studio Version 17
VisualStudioVersion = 17.2.32526.322
MinimumVisualStudioVersion = 10.0.40219.1
Project("{9A19103F-16F7-4668-BE54-9A1E7A4F7556}") = "Linq.Next", "Linq.Next\Linq.Next.csproj", "{53ADAECC-CE10-4C00-A3D0-DD3E3E353E1A}"
EndProject
Project("{FAE04EC0-301F-11D3-BF4B-00C04F79EFBC}") = "Linq.Next.Tests", "Linq.Next.Tests\Linq.Next.Tests.csproj", "{FCA15B7E-6877-469D-A1C5-AD80EC73EDAA}"
EndProject
Project("{2150E333-8FDC-42A3-9474-1A3956D46DE8}") = "Solution Items", "Solution Items", "{FCCDFFDE-1A5A-423B-BB5C-A457D1148801}"
	ProjectSection(SolutionItems) = preProject
		Directory.Build.props = Directory.Build.props
		Directory.Build.targets = Directory.Build.targets
	EndProjectSection
EndProject
Global
	GlobalSection(SolutionConfigurationPlatforms) = preSolution
		Debug|Any CPU = Debug|Any CPU
		Release|Any CPU = Release|Any CPU
	EndGlobalSection
	GlobalSection(ProjectConfigurationPlatforms) = postSolution
		{53ADAECC-CE10-4C00-A3D0-DD3E3E353E1A}.Debug|Any CPU.ActiveCfg = Debug|Any CPU
		{53ADAECC-CE10-4C00-A3D0-DD3E3E353E1A}.Debug|Any CPU.Build.0 = Debug|Any CPU
		{53ADAECC-CE10-4C00-A3D0-DD3E3E353E1A}.Release|Any CPU.ActiveCfg = Release|Any CPU
		{53ADAECC-CE10-4C00-A3D0-DD3E3E353E1A}.Release|Any CPU.Build.0 = Release|Any CPU
		{FCA15B7E-6877-469D-A1C5-AD80EC73EDAA}.Debug|Any CPU.ActiveCfg = Debug|Any CPU
		{FCA15B7E-6877-469D-A1C5-AD80EC73EDAA}.Debug|Any CPU.Build.0 = Debug|Any CPU
		{FCA15B7E-6877-469D-A1C5-AD80EC73EDAA}.Release|Any CPU.ActiveCfg = Release|Any CPU
		{FCA15B7E-6877-469D-A1C5-AD80EC73EDAA}.Release|Any CPU.Build.0 = Release|Any CPU
	EndGlobalSection
	GlobalSection(SolutionProperties) = preSolution
		HideSolutionNode = FALSE
	EndGlobalSection
	GlobalSection(ExtensibilityGlobals) = postSolution
		SolutionGuid = {A410EC3E-EFB6-4BD0-BEEB-2CB85FDDCAFF}
	EndGlobalSection
EndGlobal
